
Microsoft Visual Studio Solution File, Format Version 12.00
# Visual Studio Version 16
VisualStudioVersion = 16.0.30114.105
MinimumVisualStudioVersion = 10.0.40219.1
Project("{FAE04EC0-301F-11D3-BF4B-00C04F79EFBC}") = "01_Types", "01_Types\01_Types.csproj", "{DA428F0A-AE86-4DD4-8549-269968600BB9}"
EndProject
Project("{FAE04EC0-301F-11D3-BF4B-00C04F79EFBC}") = "02_ReferenceTypes", "02_ReferenceTypes\02_ReferenceTypes.csproj", "{A7EBE6B0-FF21-401F-941A-832CB80BB007}"
EndProject
Project("{FAE04EC0-301F-11D3-BF4B-00C04F79EFBC}") = "03_Operators", "03_Operators\03_Operators.csproj", "{14F4BEC4-54FA-49FA-9BEB-2F4E01F58D2B}"
EndProject
Project("{FAE04EC0-301F-11D3-BF4B-00C04F79EFBC}") = "04_Conditionals", "04_Conditionals\04_Conditionals.csproj", "{BE339121-9578-49B3-A8B0-11E94222B974}"
EndProject
Global
	GlobalSection(SolutionConfigurationPlatforms) = preSolution
		Debug|Any CPU = Debug|Any CPU
		Release|Any CPU = Release|Any CPU
	EndGlobalSection
	GlobalSection(SolutionProperties) = preSolution
		HideSolutionNode = FALSE
	EndGlobalSection
	GlobalSection(ProjectConfigurationPlatforms) = postSolution
		{DA428F0A-AE86-4DD4-8549-269968600BB9}.Debug|Any CPU.ActiveCfg = Debug|Any CPU
		{DA428F0A-AE86-4DD4-8549-269968600BB9}.Debug|Any CPU.Build.0 = Debug|Any CPU
		{DA428F0A-AE86-4DD4-8549-269968600BB9}.Release|Any CPU.ActiveCfg = Release|Any CPU
		{DA428F0A-AE86-4DD4-8549-269968600BB9}.Release|Any CPU.Build.0 = Release|Any CPU
		{A7EBE6B0-FF21-401F-941A-832CB80BB007}.Debug|Any CPU.ActiveCfg = Debug|Any CPU
		{A7EBE6B0-FF21-401F-941A-832CB80BB007}.Debug|Any CPU.Build.0 = Debug|Any CPU
		{A7EBE6B0-FF21-401F-941A-832CB80BB007}.Release|Any CPU.ActiveCfg = Release|Any CPU
		{A7EBE6B0-FF21-401F-941A-832CB80BB007}.Release|Any CPU.Build.0 = Release|Any CPU
		{14F4BEC4-54FA-49FA-9BEB-2F4E01F58D2B}.Debug|Any CPU.ActiveCfg = Debug|Any CPU
		{14F4BEC4-54FA-49FA-9BEB-2F4E01F58D2B}.Debug|Any CPU.Build.0 = Debug|Any CPU
		{14F4BEC4-54FA-49FA-9BEB-2F4E01F58D2B}.Release|Any CPU.ActiveCfg = Release|Any CPU
		{14F4BEC4-54FA-49FA-9BEB-2F4E01F58D2B}.Release|Any CPU.Build.0 = Release|Any CPU
		{BE339121-9578-49B3-A8B0-11E94222B974}.Debug|Any CPU.ActiveCfg = Debug|Any CPU
		{BE339121-9578-49B3-A8B0-11E94222B974}.Debug|Any CPU.Build.0 = Debug|Any CPU
		{BE339121-9578-49B3-A8B0-11E94222B974}.Release|Any CPU.ActiveCfg = Release|Any CPU
		{BE339121-9578-49B3-A8B0-11E94222B974}.Release|Any CPU.Build.0 = Release|Any CPU
	EndGlobalSection
EndGlobal
